
Microsoft Visual Studio Solution File, Format Version 12.00
# Visual Studio Version 17
VisualStudioVersion = 17.0.31912.275
MinimumVisualStudioVersion = 10.0.40219.1
Project("{FAE04EC0-301F-11D3-BF4B-00C04F79EFBC}") = "RX_Explorer", "RX_Explorer\RX_Explorer.csproj", "{02D26683-3BD6-4B30-8457-62CD714B0ADF}"
EndProject
Project("{FAE04EC0-301F-11D3-BF4B-00C04F79EFBC}") = "AnimationEffectProvider", "AnimationEffectProvider\AnimationEffectProvider.csproj", "{3B40A94D-6173-4B62-971E-27ABDBECE9D6}"
EndProject
Project("{8BC9CEB8-8B4A-11D0-8D11-00A0C91BC942}") = "SystemInformationProvider", "SystemInformationProvider\SystemInformationProvider.vcxproj", "{B7BEEF6E-1F7F-43B6-A1EC-F447B3F995DF}"
EndProject
Project("{FAE04EC0-301F-11D3-BF4B-00C04F79EFBC}") = "UpdateCheckBackgroundTask", "UpdateCheckBackgroundTask\UpdateCheckBackgroundTask.csproj", "{F6D7BF7B-AA4F-4F20-A6FE-45C60C75F88A}"
EndProject
Project("{9A19103F-16F7-4668-BE54-9A1E7A4F7556}") = "FullTrustProcess", "FullTrustProcess\FullTrustProcess.csproj", "{04F23FCE-9DCC-4B3E-B088-F1016F628C65}"
EndProject
Project("{C7167F0D-BC9F-4E6E-AFE1-012C56B48DB5}") = "Package", "Package\Package.wapproj", "{168437FF-BB72-4770-9F57-252AC94D4FCE}"
EndProject
Project("{FAE04EC0-301F-11D3-BF4B-00C04F79EFBC}") = "ComputerVision", "ComputerVision\ComputerVision.csproj", "{5BC5B5AA-53F4-4437-95B3-261F790AE373}"
EndProject
Project("{8BC9CEB8-8B4A-11D0-8D11-00A0C91BC942}") = "OpenDirectoryExt", "OpenDirectoryExt\OpenDirectoryExt.vcxproj", "{DB5F5AA6-13B4-458A-A6A9-E29238ADAE06}"
EndProject
Project("{FAE04EC0-301F-11D3-BF4B-00C04F79EFBC}") = "MaintenanceTask", "MaintenanceTask\MaintenanceTask.csproj", "{62F0700F-394A-43DE-92FD-FCFE063069D3}"
EndProject
Project("{9A19103F-16F7-4668-BE54-9A1E7A4F7556}") = "ShareClassLibrary", "ShareClassLibrary\ShareClassLibrary.csproj", "{57848D87-5F61-4150-B6DC-56A87AC0AEAE}"
EndProject
Project("{FAE04EC0-301F-11D3-BF4B-00C04F79EFBC}") = "SystemLaunchHelper", "SystemLaunchHelper\SystemLaunchHelper.csproj", "{4B1C673C-DEC8-471E-8E08-E9C21F83EB71}"
EndProject
Global
	GlobalSection(SolutionConfigurationPlatforms) = preSolution
		Debug|ARM64 = Debug|ARM64
		Debug|x64 = Debug|x64
		Release|ARM64 = Release|ARM64
		Release|x64 = Release|x64
	EndGlobalSection
	GlobalSection(ProjectConfigurationPlatforms) = postSolution
		{02D26683-3BD6-4B30-8457-62CD714B0ADF}.Debug|ARM64.ActiveCfg = Debug|ARM64
		{02D26683-3BD6-4B30-8457-62CD714B0ADF}.Debug|ARM64.Build.0 = Debug|ARM64
		{02D26683-3BD6-4B30-8457-62CD714B0ADF}.Debug|x64.ActiveCfg = Debug|x64
		{02D26683-3BD6-4B30-8457-62CD714B0ADF}.Debug|x64.Build.0 = Debug|x64
		{02D26683-3BD6-4B30-8457-62CD714B0ADF}.Release|ARM64.ActiveCfg = Release|ARM64
		{02D26683-3BD6-4B30-8457-62CD714B0ADF}.Release|ARM64.Build.0 = Release|ARM64
		{02D26683-3BD6-4B30-8457-62CD714B0ADF}.Release|x64.ActiveCfg = Release|x64
		{02D26683-3BD6-4B30-8457-62CD714B0ADF}.Release|x64.Build.0 = Release|x64
		{3B40A94D-6173-4B62-971E-27ABDBECE9D6}.Debug|ARM64.ActiveCfg = Debug|ARM64
		{3B40A94D-6173-4B62-971E-27ABDBECE9D6}.Debug|ARM64.Build.0 = Debug|ARM64
		{3B40A94D-6173-4B62-971E-27ABDBECE9D6}.Debug|x64.ActiveCfg = Debug|x64
		{3B40A94D-6173-4B62-971E-27ABDBECE9D6}.Debug|x64.Build.0 = Debug|x64
		{3B40A94D-6173-4B62-971E-27ABDBECE9D6}.Release|ARM64.ActiveCfg = Release|ARM64
		{3B40A94D-6173-4B62-971E-27ABDBECE9D6}.Release|ARM64.Build.0 = Release|ARM64
		{3B40A94D-6173-4B62-971E-27ABDBECE9D6}.Release|x64.ActiveCfg = Release|x64
		{3B40A94D-6173-4B62-971E-27ABDBECE9D6}.Release|x64.Build.0 = Release|x64
		{B7BEEF6E-1F7F-43B6-A1EC-F447B3F995DF}.Debug|ARM64.ActiveCfg = Debug|ARM64
		{B7BEEF6E-1F7F-43B6-A1EC-F447B3F995DF}.Debug|ARM64.Build.0 = Debug|ARM64
		{B7BEEF6E-1F7F-43B6-A1EC-F447B3F995DF}.Debug|x64.ActiveCfg = Debug|x64
		{B7BEEF6E-1F7F-43B6-A1EC-F447B3F995DF}.Debug|x64.Build.0 = Debug|x64
		{B7BEEF6E-1F7F-43B6-A1EC-F447B3F995DF}.Release|ARM64.ActiveCfg = Release|ARM64
		{B7BEEF6E-1F7F-43B6-A1EC-F447B3F995DF}.Release|ARM64.Build.0 = Release|ARM64
		{B7BEEF6E-1F7F-43B6-A1EC-F447B3F995DF}.Release|x64.ActiveCfg = Release|x64
		{B7BEEF6E-1F7F-43B6-A1EC-F447B3F995DF}.Release|x64.Build.0 = Release|x64
		{F6D7BF7B-AA4F-4F20-A6FE-45C60C75F88A}.Debug|ARM64.ActiveCfg = Debug|ARM64
		{F6D7BF7B-AA4F-4F20-A6FE-45C60C75F88A}.Debug|ARM64.Build.0 = Debug|ARM64
		{F6D7BF7B-AA4F-4F20-A6FE-45C60C75F88A}.Debug|x64.ActiveCfg = Debug|x64
		{F6D7BF7B-AA4F-4F20-A6FE-45C60C75F88A}.Debug|x64.Build.0 = Debug|x64
		{F6D7BF7B-AA4F-4F20-A6FE-45C60C75F88A}.Release|ARM64.ActiveCfg = Release|ARM64
		{F6D7BF7B-AA4F-4F20-A6FE-45C60C75F88A}.Release|ARM64.Build.0 = Release|ARM64
		{F6D7BF7B-AA4F-4F20-A6FE-45C60C75F88A}.Release|x64.ActiveCfg = Release|x64
		{F6D7BF7B-AA4F-4F20-A6FE-45C60C75F88A}.Release|x64.Build.0 = Release|x64
		{04F23FCE-9DCC-4B3E-B088-F1016F628C65}.Debug|ARM64.ActiveCfg = Debug|ARM64
		{04F23FCE-9DCC-4B3E-B088-F1016F628C65}.Debug|ARM64.Build.0 = Debug|ARM64
		{04F23FCE-9DCC-4B3E-B088-F1016F628C65}.Debug|x64.ActiveCfg = Debug|x64
		{04F23FCE-9DCC-4B3E-B088-F1016F628C65}.Debug|x64.Build.0 = Debug|x64
		{04F23FCE-9DCC-4B3E-B088-F1016F628C65}.Release|ARM64.ActiveCfg = Release|arm64
		{04F23FCE-9DCC-4B3E-B088-F1016F628C65}.Release|ARM64.Build.0 = Release|arm64
		{04F23FCE-9DCC-4B3E-B088-F1016F628C65}.Release|x64.ActiveCfg = Release|x64
		{04F23FCE-9DCC-4B3E-B088-F1016F628C65}.Release|x64.Build.0 = Release|x64
		{168437FF-BB72-4770-9F57-252AC94D4FCE}.Debug|ARM64.ActiveCfg = Debug|ARM64
		{168437FF-BB72-4770-9F57-252AC94D4FCE}.Debug|ARM64.Build.0 = Debug|ARM64
		{168437FF-BB72-4770-9F57-252AC94D4FCE}.Debug|ARM64.Deploy.0 = Debug|ARM64
		{168437FF-BB72-4770-9F57-252AC94D4FCE}.Debug|x64.ActiveCfg = Debug|x64
		{168437FF-BB72-4770-9F57-252AC94D4FCE}.Debug|x64.Build.0 = Debug|x64
		{168437FF-BB72-4770-9F57-252AC94D4FCE}.Debug|x64.Deploy.0 = Debug|x64
		{168437FF-BB72-4770-9F57-252AC94D4FCE}.Release|ARM64.ActiveCfg = Release|ARM64
		{168437FF-BB72-4770-9F57-252AC94D4FCE}.Release|ARM64.Build.0 = Release|ARM64
		{168437FF-BB72-4770-9F57-252AC94D4FCE}.Release|ARM64.Deploy.0 = Release|ARM64
		{168437FF-BB72-4770-9F57-252AC94D4FCE}.Release|x64.ActiveCfg = Release|x64
		{168437FF-BB72-4770-9F57-252AC94D4FCE}.Release|x64.Build.0 = Release|x64
		{168437FF-BB72-4770-9F57-252AC94D4FCE}.Release|x64.Deploy.0 = Release|x64
		{5BC5B5AA-53F4-4437-95B3-261F790AE373}.Debug|ARM64.ActiveCfg = Debug|ARM64
		{5BC5B5AA-53F4-4437-95B3-261F790AE373}.Debug|ARM64.Build.0 = Debug|ARM64
		{5BC5B5AA-53F4-4437-95B3-261F790AE373}.Debug|x64.ActiveCfg = Debug|x64
		{5BC5B5AA-53F4-4437-95B3-261F790AE373}.Debug|x64.Build.0 = Debug|x64
		{5BC5B5AA-53F4-4437-95B3-261F790AE373}.Release|ARM64.ActiveCfg = Release|ARM64
		{5BC5B5AA-53F4-4437-95B3-261F790AE373}.Release|ARM64.Build.0 = Release|ARM64
		{5BC5B5AA-53F4-4437-95B3-261F790AE373}.Release|x64.ActiveCfg = Release|x64
		{5BC5B5AA-53F4-4437-95B3-261F790AE373}.Release|x64.Build.0 = Release|x64
		{DB5F5AA6-13B4-458A-A6A9-E29238ADAE06}.Debug|ARM64.ActiveCfg = Debug|ARM64
		{DB5F5AA6-13B4-458A-A6A9-E29238ADAE06}.Debug|ARM64.Build.0 = Debug|ARM64
		{DB5F5AA6-13B4-458A-A6A9-E29238ADAE06}.Debug|x64.ActiveCfg = Debug|x64
		{DB5F5AA6-13B4-458A-A6A9-E29238ADAE06}.Debug|x64.Build.0 = Debug|x64
		{DB5F5AA6-13B4-458A-A6A9-E29238ADAE06}.Release|ARM64.ActiveCfg = Release|ARM64
		{DB5F5AA6-13B4-458A-A6A9-E29238ADAE06}.Release|ARM64.Build.0 = Release|ARM64
		{DB5F5AA6-13B4-458A-A6A9-E29238ADAE06}.Release|x64.ActiveCfg = Release|x64
		{DB5F5AA6-13B4-458A-A6A9-E29238ADAE06}.Release|x64.Build.0 = Release|x64
		{62F0700F-394A-43DE-92FD-FCFE063069D3}.Debug|ARM64.ActiveCfg = Debug|ARM64
		{62F0700F-394A-43DE-92FD-FCFE063069D3}.Debug|ARM64.Build.0 = Debug|ARM64
		{62F0700F-394A-43DE-92FD-FCFE063069D3}.Debug|x64.ActiveCfg = Debug|x64
		{62F0700F-394A-43DE-92FD-FCFE063069D3}.Debug|x64.Build.0 = Debug|x64
		{62F0700F-394A-43DE-92FD-FCFE063069D3}.Release|ARM64.ActiveCfg = Release|ARM64
		{62F0700F-394A-43DE-92FD-FCFE063069D3}.Release|ARM64.Build.0 = Release|ARM64
		{62F0700F-394A-43DE-92FD-FCFE063069D3}.Release|x64.ActiveCfg = Release|x64
		{62F0700F-394A-43DE-92FD-FCFE063069D3}.Release|x64.Build.0 = Release|x64
		{57848D87-5F61-4150-B6DC-56A87AC0AEAE}.Debug|ARM64.ActiveCfg = Debug|Any CPU
		{57848D87-5F61-4150-B6DC-56A87AC0AEAE}.Debug|ARM64.Build.0 = Debug|Any CPU
		{57848D87-5F61-4150-B6DC-56A87AC0AEAE}.Debug|x64.ActiveCfg = Debug|Any CPU
		{57848D87-5F61-4150-B6DC-56A87AC0AEAE}.Debug|x64.Build.0 = Debug|Any CPU
		{57848D87-5F61-4150-B6DC-56A87AC0AEAE}.Release|ARM64.ActiveCfg = Release|Any CPU
		{57848D87-5F61-4150-B6DC-56A87AC0AEAE}.Release|ARM64.Build.0 = Release|Any CPU
		{57848D87-5F61-4150-B6DC-56A87AC0AEAE}.Release|x64.ActiveCfg = Release|Any CPU
		{57848D87-5F61-4150-B6DC-56A87AC0AEAE}.Release|x64.Build.0 = Release|Any CPU
		{4B1C673C-DEC8-471E-8E08-E9C21F83EB71}.Debug|ARM64.ActiveCfg = Debug|ARM64
		{4B1C673C-DEC8-471E-8E08-E9C21F83EB71}.Debug|ARM64.Build.0 = Debug|ARM64
		{4B1C673C-DEC8-471E-8E08-E9C21F83EB71}.Debug|x64.ActiveCfg = Debug|x64
		{4B1C673C-DEC8-471E-8E08-E9C21F83EB71}.Debug|x64.Build.0 = Debug|x64
		{4B1C673C-DEC8-471E-8E08-E9C21F83EB71}.Release|ARM64.ActiveCfg = Release|ARM64
		{4B1C673C-DEC8-471E-8E08-E9C21F83EB71}.Release|ARM64.Build.0 = Release|ARM64
		{4B1C673C-DEC8-471E-8E08-E9C21F83EB71}.Release|x64.ActiveCfg = Release|x64
		{4B1C673C-DEC8-471E-8E08-E9C21F83EB71}.Release|x64.Build.0 = Release|x64
	EndGlobalSection
	GlobalSection(SolutionProperties) = preSolution
		HideSolutionNode = FALSE
	EndGlobalSection
	GlobalSection(ExtensibilityGlobals) = postSolution
		SolutionGuid = {1F958AF6-2FCD-45E8-A81F-456B7637E66E}
	EndGlobalSection
EndGlobal
