
Microsoft Visual Studio Solution File, Format Version 12.00
# Visual Studio Version 16
VisualStudioVersion = 16.0.29020.237
MinimumVisualStudioVersion = 10.0.40219.1
Project("{FAE04EC0-301F-11D3-BF4B-00C04F79EFBC}") = "RX_Explorer", "RX_Explorer\RX_Explorer.csproj", "{02D26683-3BD6-4B30-8457-62CD714B0ADF}"
	ProjectSection(ProjectDependencies) = postProject
		{04F23FCE-9DCC-4B3E-B088-F1016F628C65} = {04F23FCE-9DCC-4B3E-B088-F1016F628C65}
	EndProjectSection
EndProject
Project("{FAE04EC0-301F-11D3-BF4B-00C04F79EFBC}") = "AnimationEffectProvider", "AnimationEffectProvider\AnimationEffectProvider.csproj", "{3B40A94D-6173-4B62-971E-27ABDBECE9D6}"
EndProject
Project("{8BC9CEB8-8B4A-11D0-8D11-00A0C91BC942}") = "SystemInformationProvider", "SystemInformationProvider\SystemInformationProvider.vcxproj", "{B7BEEF6E-1F7F-43B6-A1EC-F447B3F995DF}"
EndProject
Project("{FAE04EC0-301F-11D3-BF4B-00C04F79EFBC}") = "UpdateCheckBackgroundTask", "UpdateCheckBackgroundTask\UpdateCheckBackgroundTask.csproj", "{F6D7BF7B-AA4F-4F20-A6FE-45C60C75F88A}"
EndProject
Project("{FAE04EC0-301F-11D3-BF4B-00C04F79EFBC}") = "SQLConnectionPoolProvider", "SQLConnectionPoolProvider\SQLConnectionPoolProvider.csproj", "{48D8D03D-E12C-433C-A9D9-A4311E12FB78}"
EndProject
Project("{FAE04EC0-301F-11D3-BF4B-00C04F79EFBC}") = "FullTrustProcess", "FullTrustProcess\FullTrustProcess.csproj", "{04F23FCE-9DCC-4B3E-B088-F1016F628C65}"
EndProject
Project("{FAE04EC0-301F-11D3-BF4B-00C04F79EFBC}") = "CommunicateService", "CommunicateService\CommunicateService.csproj", "{7D62AF29-E32F-4402-88E5-D8FEEB062728}"
EndProject
Project("{C7167F0D-BC9F-4E6E-AFE1-012C56B48DB5}") = "Package", "Package\Package.wapproj", "{168437FF-BB72-4770-9F57-252AC94D4FCE}"
EndProject
Project("{FAE04EC0-301F-11D3-BF4B-00C04F79EFBC}") = "ComputerVision", "ComputerVision\ComputerVision.csproj", "{5BC5B5AA-53F4-4437-95B3-261F790AE373}"
EndProject
Project("{8BC9CEB8-8B4A-11D0-8D11-00A0C91BC942}") = "OpenDirectoryExt", "OpenDirectoryExt\OpenDirectoryExt.vcxproj", "{DB5F5AA6-13B4-458A-A6A9-E29238ADAE06}"
EndProject
Global
	GlobalSection(SolutionConfigurationPlatforms) = preSolution
		Debug|ARM = Debug|ARM
		Debug|ARM64 = Debug|ARM64
		Debug|x64 = Debug|x64
		Debug|x86 = Debug|x86
		Release|ARM = Release|ARM
		Release|ARM64 = Release|ARM64
		Release|x64 = Release|x64
		Release|x86 = Release|x86
	EndGlobalSection
	GlobalSection(ProjectConfigurationPlatforms) = postSolution
		{02D26683-3BD6-4B30-8457-62CD714B0ADF}.Debug|ARM.ActiveCfg = Debug|ARM
		{02D26683-3BD6-4B30-8457-62CD714B0ADF}.Debug|ARM.Build.0 = Debug|ARM
		{02D26683-3BD6-4B30-8457-62CD714B0ADF}.Debug|ARM.Deploy.0 = Debug|ARM
		{02D26683-3BD6-4B30-8457-62CD714B0ADF}.Debug|ARM64.ActiveCfg = Debug|ARM64
		{02D26683-3BD6-4B30-8457-62CD714B0ADF}.Debug|ARM64.Build.0 = Debug|ARM64
		{02D26683-3BD6-4B30-8457-62CD714B0ADF}.Debug|ARM64.Deploy.0 = Debug|ARM64
		{02D26683-3BD6-4B30-8457-62CD714B0ADF}.Debug|x64.ActiveCfg = Debug|x64
		{02D26683-3BD6-4B30-8457-62CD714B0ADF}.Debug|x64.Build.0 = Debug|x64
		{02D26683-3BD6-4B30-8457-62CD714B0ADF}.Debug|x64.Deploy.0 = Debug|x64
		{02D26683-3BD6-4B30-8457-62CD714B0ADF}.Debug|x86.ActiveCfg = Debug|x86
		{02D26683-3BD6-4B30-8457-62CD714B0ADF}.Debug|x86.Build.0 = Debug|x86
		{02D26683-3BD6-4B30-8457-62CD714B0ADF}.Debug|x86.Deploy.0 = Debug|x86
		{02D26683-3BD6-4B30-8457-62CD714B0ADF}.Release|ARM.ActiveCfg = Release|ARM
		{02D26683-3BD6-4B30-8457-62CD714B0ADF}.Release|ARM.Build.0 = Release|ARM
		{02D26683-3BD6-4B30-8457-62CD714B0ADF}.Release|ARM.Deploy.0 = Release|ARM
		{02D26683-3BD6-4B30-8457-62CD714B0ADF}.Release|ARM64.ActiveCfg = Release|ARM64
		{02D26683-3BD6-4B30-8457-62CD714B0ADF}.Release|ARM64.Build.0 = Release|ARM64
		{02D26683-3BD6-4B30-8457-62CD714B0ADF}.Release|ARM64.Deploy.0 = Release|ARM64
		{02D26683-3BD6-4B30-8457-62CD714B0ADF}.Release|x64.ActiveCfg = Release|x64
		{02D26683-3BD6-4B30-8457-62CD714B0ADF}.Release|x64.Build.0 = Release|x64
		{02D26683-3BD6-4B30-8457-62CD714B0ADF}.Release|x64.Deploy.0 = Release|x64
		{02D26683-3BD6-4B30-8457-62CD714B0ADF}.Release|x86.ActiveCfg = Release|x86
		{02D26683-3BD6-4B30-8457-62CD714B0ADF}.Release|x86.Build.0 = Release|x86
		{02D26683-3BD6-4B30-8457-62CD714B0ADF}.Release|x86.Deploy.0 = Release|x86
		{3B40A94D-6173-4B62-971E-27ABDBECE9D6}.Debug|ARM.ActiveCfg = Debug|ARM
		{3B40A94D-6173-4B62-971E-27ABDBECE9D6}.Debug|ARM.Build.0 = Debug|ARM
		{3B40A94D-6173-4B62-971E-27ABDBECE9D6}.Debug|ARM64.ActiveCfg = Debug|ARM64
		{3B40A94D-6173-4B62-971E-27ABDBECE9D6}.Debug|ARM64.Build.0 = Debug|ARM64
		{3B40A94D-6173-4B62-971E-27ABDBECE9D6}.Debug|x64.ActiveCfg = Debug|x64
		{3B40A94D-6173-4B62-971E-27ABDBECE9D6}.Debug|x64.Build.0 = Debug|x64
		{3B40A94D-6173-4B62-971E-27ABDBECE9D6}.Debug|x86.ActiveCfg = Debug|x86
		{3B40A94D-6173-4B62-971E-27ABDBECE9D6}.Debug|x86.Build.0 = Debug|x86
		{3B40A94D-6173-4B62-971E-27ABDBECE9D6}.Release|ARM.ActiveCfg = Release|ARM
		{3B40A94D-6173-4B62-971E-27ABDBECE9D6}.Release|ARM.Build.0 = Release|ARM
		{3B40A94D-6173-4B62-971E-27ABDBECE9D6}.Release|ARM64.ActiveCfg = Release|ARM64
		{3B40A94D-6173-4B62-971E-27ABDBECE9D6}.Release|ARM64.Build.0 = Release|ARM64
		{3B40A94D-6173-4B62-971E-27ABDBECE9D6}.Release|x64.ActiveCfg = Release|x64
		{3B40A94D-6173-4B62-971E-27ABDBECE9D6}.Release|x64.Build.0 = Release|x64
		{3B40A94D-6173-4B62-971E-27ABDBECE9D6}.Release|x86.ActiveCfg = Release|x86
		{3B40A94D-6173-4B62-971E-27ABDBECE9D6}.Release|x86.Build.0 = Release|x86
		{B7BEEF6E-1F7F-43B6-A1EC-F447B3F995DF}.Debug|ARM.ActiveCfg = Debug|ARM
		{B7BEEF6E-1F7F-43B6-A1EC-F447B3F995DF}.Debug|ARM.Build.0 = Debug|ARM
		{B7BEEF6E-1F7F-43B6-A1EC-F447B3F995DF}.Debug|ARM64.ActiveCfg = Debug|ARM64
		{B7BEEF6E-1F7F-43B6-A1EC-F447B3F995DF}.Debug|ARM64.Build.0 = Debug|ARM64
		{B7BEEF6E-1F7F-43B6-A1EC-F447B3F995DF}.Debug|x64.ActiveCfg = Debug|x64
		{B7BEEF6E-1F7F-43B6-A1EC-F447B3F995DF}.Debug|x64.Build.0 = Debug|x64
		{B7BEEF6E-1F7F-43B6-A1EC-F447B3F995DF}.Debug|x86.ActiveCfg = Debug|Win32
		{B7BEEF6E-1F7F-43B6-A1EC-F447B3F995DF}.Debug|x86.Build.0 = Debug|Win32
		{B7BEEF6E-1F7F-43B6-A1EC-F447B3F995DF}.Release|ARM.ActiveCfg = Release|ARM
		{B7BEEF6E-1F7F-43B6-A1EC-F447B3F995DF}.Release|ARM.Build.0 = Release|ARM
		{B7BEEF6E-1F7F-43B6-A1EC-F447B3F995DF}.Release|ARM64.ActiveCfg = Release|ARM64
		{B7BEEF6E-1F7F-43B6-A1EC-F447B3F995DF}.Release|ARM64.Build.0 = Release|ARM64
		{B7BEEF6E-1F7F-43B6-A1EC-F447B3F995DF}.Release|x64.ActiveCfg = Release|x64
		{B7BEEF6E-1F7F-43B6-A1EC-F447B3F995DF}.Release|x64.Build.0 = Release|x64
		{B7BEEF6E-1F7F-43B6-A1EC-F447B3F995DF}.Release|x86.ActiveCfg = Release|Win32
		{B7BEEF6E-1F7F-43B6-A1EC-F447B3F995DF}.Release|x86.Build.0 = Release|Win32
		{F6D7BF7B-AA4F-4F20-A6FE-45C60C75F88A}.Debug|ARM.ActiveCfg = Debug|ARM
		{F6D7BF7B-AA4F-4F20-A6FE-45C60C75F88A}.Debug|ARM.Build.0 = Debug|ARM
		{F6D7BF7B-AA4F-4F20-A6FE-45C60C75F88A}.Debug|ARM64.ActiveCfg = Debug|ARM64
		{F6D7BF7B-AA4F-4F20-A6FE-45C60C75F88A}.Debug|ARM64.Build.0 = Debug|ARM64
		{F6D7BF7B-AA4F-4F20-A6FE-45C60C75F88A}.Debug|x64.ActiveCfg = Debug|x64
		{F6D7BF7B-AA4F-4F20-A6FE-45C60C75F88A}.Debug|x64.Build.0 = Debug|x64
		{F6D7BF7B-AA4F-4F20-A6FE-45C60C75F88A}.Debug|x86.ActiveCfg = Debug|x86
		{F6D7BF7B-AA4F-4F20-A6FE-45C60C75F88A}.Debug|x86.Build.0 = Debug|x86
		{F6D7BF7B-AA4F-4F20-A6FE-45C60C75F88A}.Release|ARM.ActiveCfg = Release|ARM
		{F6D7BF7B-AA4F-4F20-A6FE-45C60C75F88A}.Release|ARM.Build.0 = Release|ARM
		{F6D7BF7B-AA4F-4F20-A6FE-45C60C75F88A}.Release|ARM64.ActiveCfg = Release|ARM64
		{F6D7BF7B-AA4F-4F20-A6FE-45C60C75F88A}.Release|ARM64.Build.0 = Release|ARM64
		{F6D7BF7B-AA4F-4F20-A6FE-45C60C75F88A}.Release|x64.ActiveCfg = Release|x64
		{F6D7BF7B-AA4F-4F20-A6FE-45C60C75F88A}.Release|x64.Build.0 = Release|x64
		{F6D7BF7B-AA4F-4F20-A6FE-45C60C75F88A}.Release|x86.ActiveCfg = Release|x86
		{F6D7BF7B-AA4F-4F20-A6FE-45C60C75F88A}.Release|x86.Build.0 = Release|x86
		{48D8D03D-E12C-433C-A9D9-A4311E12FB78}.Debug|ARM.ActiveCfg = Debug|ARM
		{48D8D03D-E12C-433C-A9D9-A4311E12FB78}.Debug|ARM.Build.0 = Debug|ARM
		{48D8D03D-E12C-433C-A9D9-A4311E12FB78}.Debug|ARM64.ActiveCfg = Debug|ARM64
		{48D8D03D-E12C-433C-A9D9-A4311E12FB78}.Debug|ARM64.Build.0 = Debug|ARM64
		{48D8D03D-E12C-433C-A9D9-A4311E12FB78}.Debug|x64.ActiveCfg = Debug|x64
		{48D8D03D-E12C-433C-A9D9-A4311E12FB78}.Debug|x64.Build.0 = Debug|x64
		{48D8D03D-E12C-433C-A9D9-A4311E12FB78}.Debug|x86.ActiveCfg = Debug|x86
		{48D8D03D-E12C-433C-A9D9-A4311E12FB78}.Debug|x86.Build.0 = Debug|x86
		{48D8D03D-E12C-433C-A9D9-A4311E12FB78}.Release|ARM.ActiveCfg = Release|ARM
		{48D8D03D-E12C-433C-A9D9-A4311E12FB78}.Release|ARM.Build.0 = Release|ARM
		{48D8D03D-E12C-433C-A9D9-A4311E12FB78}.Release|ARM64.ActiveCfg = Release|ARM64
		{48D8D03D-E12C-433C-A9D9-A4311E12FB78}.Release|ARM64.Build.0 = Release|ARM64
		{48D8D03D-E12C-433C-A9D9-A4311E12FB78}.Release|x64.ActiveCfg = Release|x64
		{48D8D03D-E12C-433C-A9D9-A4311E12FB78}.Release|x64.Build.0 = Release|x64
		{48D8D03D-E12C-433C-A9D9-A4311E12FB78}.Release|x86.ActiveCfg = Release|x86
		{48D8D03D-E12C-433C-A9D9-A4311E12FB78}.Release|x86.Build.0 = Release|x86
		{04F23FCE-9DCC-4B3E-B088-F1016F628C65}.Debug|ARM.ActiveCfg = Debug|Any CPU
		{04F23FCE-9DCC-4B3E-B088-F1016F628C65}.Debug|ARM.Build.0 = Debug|Any CPU
		{04F23FCE-9DCC-4B3E-B088-F1016F628C65}.Debug|ARM64.ActiveCfg = Debug|Any CPU
		{04F23FCE-9DCC-4B3E-B088-F1016F628C65}.Debug|ARM64.Build.0 = Debug|Any CPU
		{04F23FCE-9DCC-4B3E-B088-F1016F628C65}.Debug|x64.ActiveCfg = Debug|Any CPU
		{04F23FCE-9DCC-4B3E-B088-F1016F628C65}.Debug|x64.Build.0 = Debug|Any CPU
		{04F23FCE-9DCC-4B3E-B088-F1016F628C65}.Debug|x86.ActiveCfg = Debug|Any CPU
		{04F23FCE-9DCC-4B3E-B088-F1016F628C65}.Debug|x86.Build.0 = Debug|Any CPU
		{04F23FCE-9DCC-4B3E-B088-F1016F628C65}.Release|ARM.ActiveCfg = Release|Any CPU
		{04F23FCE-9DCC-4B3E-B088-F1016F628C65}.Release|ARM.Build.0 = Release|Any CPU
		{04F23FCE-9DCC-4B3E-B088-F1016F628C65}.Release|ARM64.ActiveCfg = Release|Any CPU
		{04F23FCE-9DCC-4B3E-B088-F1016F628C65}.Release|ARM64.Build.0 = Release|Any CPU
		{04F23FCE-9DCC-4B3E-B088-F1016F628C65}.Release|x64.ActiveCfg = Release|Any CPU
		{04F23FCE-9DCC-4B3E-B088-F1016F628C65}.Release|x64.Build.0 = Release|Any CPU
		{04F23FCE-9DCC-4B3E-B088-F1016F628C65}.Release|x86.ActiveCfg = Release|Any CPU
		{04F23FCE-9DCC-4B3E-B088-F1016F628C65}.Release|x86.Build.0 = Release|Any CPU
		{7D62AF29-E32F-4402-88E5-D8FEEB062728}.Debug|ARM.ActiveCfg = Debug|ARM
		{7D62AF29-E32F-4402-88E5-D8FEEB062728}.Debug|ARM.Build.0 = Debug|ARM
		{7D62AF29-E32F-4402-88E5-D8FEEB062728}.Debug|ARM64.ActiveCfg = Debug|ARM64
		{7D62AF29-E32F-4402-88E5-D8FEEB062728}.Debug|ARM64.Build.0 = Debug|ARM64
		{7D62AF29-E32F-4402-88E5-D8FEEB062728}.Debug|x64.ActiveCfg = Debug|x64
		{7D62AF29-E32F-4402-88E5-D8FEEB062728}.Debug|x64.Build.0 = Debug|x64
		{7D62AF29-E32F-4402-88E5-D8FEEB062728}.Debug|x86.ActiveCfg = Debug|x86
		{7D62AF29-E32F-4402-88E5-D8FEEB062728}.Debug|x86.Build.0 = Debug|x86
		{7D62AF29-E32F-4402-88E5-D8FEEB062728}.Release|ARM.ActiveCfg = Release|ARM
		{7D62AF29-E32F-4402-88E5-D8FEEB062728}.Release|ARM.Build.0 = Release|ARM
		{7D62AF29-E32F-4402-88E5-D8FEEB062728}.Release|ARM64.ActiveCfg = Release|ARM64
		{7D62AF29-E32F-4402-88E5-D8FEEB062728}.Release|ARM64.Build.0 = Release|ARM64
		{7D62AF29-E32F-4402-88E5-D8FEEB062728}.Release|x64.ActiveCfg = Release|x64
		{7D62AF29-E32F-4402-88E5-D8FEEB062728}.Release|x64.Build.0 = Release|x64
		{7D62AF29-E32F-4402-88E5-D8FEEB062728}.Release|x86.ActiveCfg = Release|x86
		{7D62AF29-E32F-4402-88E5-D8FEEB062728}.Release|x86.Build.0 = Release|x86
		{168437FF-BB72-4770-9F57-252AC94D4FCE}.Debug|ARM.ActiveCfg = Debug|ARM
		{168437FF-BB72-4770-9F57-252AC94D4FCE}.Debug|ARM.Build.0 = Debug|ARM
		{168437FF-BB72-4770-9F57-252AC94D4FCE}.Debug|ARM.Deploy.0 = Debug|ARM
		{168437FF-BB72-4770-9F57-252AC94D4FCE}.Debug|ARM64.ActiveCfg = Debug|ARM64
		{168437FF-BB72-4770-9F57-252AC94D4FCE}.Debug|ARM64.Build.0 = Debug|ARM64
		{168437FF-BB72-4770-9F57-252AC94D4FCE}.Debug|ARM64.Deploy.0 = Debug|ARM64
		{168437FF-BB72-4770-9F57-252AC94D4FCE}.Debug|x64.ActiveCfg = Debug|x64
		{168437FF-BB72-4770-9F57-252AC94D4FCE}.Debug|x64.Build.0 = Debug|x64
		{168437FF-BB72-4770-9F57-252AC94D4FCE}.Debug|x64.Deploy.0 = Debug|x64
		{168437FF-BB72-4770-9F57-252AC94D4FCE}.Debug|x86.ActiveCfg = Debug|x86
		{168437FF-BB72-4770-9F57-252AC94D4FCE}.Debug|x86.Build.0 = Debug|x86
		{168437FF-BB72-4770-9F57-252AC94D4FCE}.Debug|x86.Deploy.0 = Debug|x86
		{168437FF-BB72-4770-9F57-252AC94D4FCE}.Release|ARM.ActiveCfg = Release|ARM
		{168437FF-BB72-4770-9F57-252AC94D4FCE}.Release|ARM.Build.0 = Release|ARM
		{168437FF-BB72-4770-9F57-252AC94D4FCE}.Release|ARM.Deploy.0 = Release|ARM
		{168437FF-BB72-4770-9F57-252AC94D4FCE}.Release|ARM64.ActiveCfg = Release|ARM64
		{168437FF-BB72-4770-9F57-252AC94D4FCE}.Release|ARM64.Build.0 = Release|ARM64
		{168437FF-BB72-4770-9F57-252AC94D4FCE}.Release|ARM64.Deploy.0 = Release|ARM64
		{168437FF-BB72-4770-9F57-252AC94D4FCE}.Release|x64.ActiveCfg = Release|x64
		{168437FF-BB72-4770-9F57-252AC94D4FCE}.Release|x64.Build.0 = Release|x64
		{168437FF-BB72-4770-9F57-252AC94D4FCE}.Release|x64.Deploy.0 = Release|x64
		{168437FF-BB72-4770-9F57-252AC94D4FCE}.Release|x86.ActiveCfg = Release|x86
		{168437FF-BB72-4770-9F57-252AC94D4FCE}.Release|x86.Build.0 = Release|x86
		{168437FF-BB72-4770-9F57-252AC94D4FCE}.Release|x86.Deploy.0 = Release|x86
		{5BC5B5AA-53F4-4437-95B3-261F790AE373}.Debug|ARM.ActiveCfg = Debug|ARM
		{5BC5B5AA-53F4-4437-95B3-261F790AE373}.Debug|ARM.Build.0 = Debug|ARM
		{5BC5B5AA-53F4-4437-95B3-261F790AE373}.Debug|ARM64.ActiveCfg = Debug|ARM64
		{5BC5B5AA-53F4-4437-95B3-261F790AE373}.Debug|ARM64.Build.0 = Debug|ARM64
		{5BC5B5AA-53F4-4437-95B3-261F790AE373}.Debug|x64.ActiveCfg = Debug|x64
		{5BC5B5AA-53F4-4437-95B3-261F790AE373}.Debug|x64.Build.0 = Debug|x64
		{5BC5B5AA-53F4-4437-95B3-261F790AE373}.Debug|x86.ActiveCfg = Debug|x86
		{5BC5B5AA-53F4-4437-95B3-261F790AE373}.Debug|x86.Build.0 = Debug|x86
		{5BC5B5AA-53F4-4437-95B3-261F790AE373}.Release|ARM.ActiveCfg = Release|ARM
		{5BC5B5AA-53F4-4437-95B3-261F790AE373}.Release|ARM.Build.0 = Release|ARM
		{5BC5B5AA-53F4-4437-95B3-261F790AE373}.Release|ARM64.ActiveCfg = Release|ARM64
		{5BC5B5AA-53F4-4437-95B3-261F790AE373}.Release|ARM64.Build.0 = Release|ARM64
		{5BC5B5AA-53F4-4437-95B3-261F790AE373}.Release|x64.ActiveCfg = Release|x64
		{5BC5B5AA-53F4-4437-95B3-261F790AE373}.Release|x64.Build.0 = Release|x64
		{5BC5B5AA-53F4-4437-95B3-261F790AE373}.Release|x86.ActiveCfg = Release|x86
		{5BC5B5AA-53F4-4437-95B3-261F790AE373}.Release|x86.Build.0 = Release|x86
		{DB5F5AA6-13B4-458A-A6A9-E29238ADAE06}.Debug|ARM.ActiveCfg = Debug|ARM
		{DB5F5AA6-13B4-458A-A6A9-E29238ADAE06}.Debug|ARM.Build.0 = Debug|ARM
		{DB5F5AA6-13B4-458A-A6A9-E29238ADAE06}.Debug|ARM64.ActiveCfg = Debug|ARM64
		{DB5F5AA6-13B4-458A-A6A9-E29238ADAE06}.Debug|ARM64.Build.0 = Debug|ARM64
		{DB5F5AA6-13B4-458A-A6A9-E29238ADAE06}.Debug|x64.ActiveCfg = Debug|x64
		{DB5F5AA6-13B4-458A-A6A9-E29238ADAE06}.Debug|x64.Build.0 = Debug|x64
		{DB5F5AA6-13B4-458A-A6A9-E29238ADAE06}.Debug|x86.ActiveCfg = Debug|Win32
		{DB5F5AA6-13B4-458A-A6A9-E29238ADAE06}.Debug|x86.Build.0 = Debug|Win32
		{DB5F5AA6-13B4-458A-A6A9-E29238ADAE06}.Release|ARM.ActiveCfg = Release|ARM
		{DB5F5AA6-13B4-458A-A6A9-E29238ADAE06}.Release|ARM.Build.0 = Release|ARM
		{DB5F5AA6-13B4-458A-A6A9-E29238ADAE06}.Release|ARM64.ActiveCfg = Release|ARM64
		{DB5F5AA6-13B4-458A-A6A9-E29238ADAE06}.Release|ARM64.Build.0 = Release|ARM64
		{DB5F5AA6-13B4-458A-A6A9-E29238ADAE06}.Release|x64.ActiveCfg = Release|x64
		{DB5F5AA6-13B4-458A-A6A9-E29238ADAE06}.Release|x64.Build.0 = Release|x64
		{DB5F5AA6-13B4-458A-A6A9-E29238ADAE06}.Release|x86.ActiveCfg = Release|Win32
		{DB5F5AA6-13B4-458A-A6A9-E29238ADAE06}.Release|x86.Build.0 = Release|Win32
	EndGlobalSection
	GlobalSection(SolutionProperties) = preSolution
		HideSolutionNode = FALSE
	EndGlobalSection
	GlobalSection(ExtensibilityGlobals) = postSolution
		SolutionGuid = {1F958AF6-2FCD-45E8-A81F-456B7637E66E}
	EndGlobalSection
EndGlobal
